// !$*UTF8*$!
{
	archiveVersion = 1;
	classes = {
	};
	objectVersion = 46;
	objects = {

/* Begin PBXBuildFile section */
		3DA0E38E1C5C5D7300DA75A3 /* AppDelegate.swift in Sources */ = {isa = PBXBuildFile; fileRef = 3DA0E38D1C5C5D7300DA75A3 /* AppDelegate.swift */; };
		3DA0E3901C5C5D7300DA75A3 /* GameScene.sks in Resources */ = {isa = PBXBuildFile; fileRef = 3DA0E38F1C5C5D7300DA75A3 /* GameScene.sks */; };
		3DA0E3921C5C5D7300DA75A3 /* GameScene.swift in Sources */ = {isa = PBXBuildFile; fileRef = 3DA0E3911C5C5D7300DA75A3 /* GameScene.swift */; };
		3DA0E3941C5C5D7300DA75A3 /* GameViewController.swift in Sources */ = {isa = PBXBuildFile; fileRef = 3DA0E3931C5C5D7300DA75A3 /* GameViewController.swift */; };
		3DA0E3971C5C5D7300DA75A3 /* Main.storyboard in Resources */ = {isa = PBXBuildFile; fileRef = 3DA0E3951C5C5D7300DA75A3 /* Main.storyboard */; };
		3DA0E3991C5C5D7300DA75A3 /* Assets.xcassets in Resources */ = {isa = PBXBuildFile; fileRef = 3DA0E3981C5C5D7300DA75A3 /* Assets.xcassets */; };
		3DA0E39C1C5C5D7300DA75A3 /* LaunchScreen.storyboard in Resources */ = {isa = PBXBuildFile; fileRef = 3DA0E39A1C5C5D7300DA75A3 /* LaunchScreen.storyboard */; };
		3DA0E3A71C5C5D7300DA75A3 /* DemoGameTests.swift in Sources */ = {isa = PBXBuildFile; fileRef = 3DA0E3A61C5C5D7300DA75A3 /* DemoGameTests.swift */; };
		3DA0E3B21C5C5D7400DA75A3 /* DemoGameUITests.swift in Sources */ = {isa = PBXBuildFile; fileRef = 3DA0E3B11C5C5D7400DA75A3 /* DemoGameUITests.swift */; };
		3DA0E3C01C5CF3F100DA75A3 /* SpaceshipData.swift in Sources */ = {isa = PBXBuildFile; fileRef = 3DA0E3BF1C5CF3F100DA75A3 /* SpaceshipData.swift */; };
		3DA0E3C21C5D05FD00DA75A3 /* SpaceshipServiceManager.swift in Sources */ = {isa = PBXBuildFile; fileRef = 3DA0E3C11C5D05FD00DA75A3 /* SpaceshipServiceManager.swift */; };
/* End PBXBuildFile section */

/* Begin PBXContainerItemProxy section */
		3DA0E3A31C5C5D7300DA75A3 /* PBXContainerItemProxy */ = {
			isa = PBXContainerItemProxy;
			containerPortal = 3DA0E3821C5C5D7300DA75A3 /* Project object */;
			proxyType = 1;
			remoteGlobalIDString = 3DA0E3891C5C5D7300DA75A3;
			remoteInfo = DemoGame;
		};
		3DA0E3AE1C5C5D7400DA75A3 /* PBXContainerItemProxy */ = {
			isa = PBXContainerItemProxy;
			containerPortal = 3DA0E3821C5C5D7300DA75A3 /* Project object */;
			proxyType = 1;
			remoteGlobalIDString = 3DA0E3891C5C5D7300DA75A3;
			remoteInfo = DemoGame;
		};
/* End PBXContainerItemProxy section */

/* Begin PBXFileReference section */
		3DA0E38A1C5C5D7300DA75A3 /* DemoGame.app */ = {isa = PBXFileReference; explicitFileType = wrapper.application; includeInIndex = 0; path = DemoGame.app; sourceTree = BUILT_PRODUCTS_DIR; };
		3DA0E38D1C5C5D7300DA75A3 /* AppDelegate.swift */ = {isa = PBXFileReference; lastKnownFileType = sourcecode.swift; path = AppDelegate.swift; sourceTree = "<group>"; };
		3DA0E38F1C5C5D7300DA75A3 /* GameScene.sks */ = {isa = PBXFileReference; lastKnownFileType = file.sks; path = GameScene.sks; sourceTree = "<group>"; };
		3DA0E3911C5C5D7300DA75A3 /* GameScene.swift */ = {isa = PBXFileReference; lastKnownFileType = sourcecode.swift; path = GameScene.swift; sourceTree = "<group>"; };
		3DA0E3931C5C5D7300DA75A3 /* GameViewController.swift */ = {isa = PBXFileReference; lastKnownFileType = sourcecode.swift; path = GameViewController.swift; sourceTree = "<group>"; };
		3DA0E3961C5C5D7300DA75A3 /* Base */ = {isa = PBXFileReference; lastKnownFileType = file.storyboard; name = Base; path = Base.lproj/Main.storyboard; sourceTree = "<group>"; };
		3DA0E3981C5C5D7300DA75A3 /* Assets.xcassets */ = {isa = PBXFileReference; lastKnownFileType = folder.assetcatalog; path = Assets.xcassets; sourceTree = "<group>"; };
		3DA0E39B1C5C5D7300DA75A3 /* Base */ = {isa = PBXFileReference; lastKnownFileType = file.storyboard; name = Base; path = Base.lproj/LaunchScreen.storyboard; sourceTree = "<group>"; };
		3DA0E39D1C5C5D7300DA75A3 /* Info.plist */ = {isa = PBXFileReference; lastKnownFileType = text.plist.xml; path = Info.plist; sourceTree = "<group>"; };
		3DA0E3A21C5C5D7300DA75A3 /* DemoGameTests.xctest */ = {isa = PBXFileReference; explicitFileType = wrapper.cfbundle; includeInIndex = 0; path = DemoGameTests.xctest; sourceTree = BUILT_PRODUCTS_DIR; };
		3DA0E3A61C5C5D7300DA75A3 /* DemoGameTests.swift */ = {isa = PBXFileReference; lastKnownFileType = sourcecode.swift; path = DemoGameTests.swift; sourceTree = "<group>"; };
		3DA0E3A81C5C5D7300DA75A3 /* Info.plist */ = {isa = PBXFileReference; lastKnownFileType = text.plist.xml; path = Info.plist; sourceTree = "<group>"; };
		3DA0E3AD1C5C5D7400DA75A3 /* DemoGameUITests.xctest */ = {isa = PBXFileReference; explicitFileType = wrapper.cfbundle; includeInIndex = 0; path = DemoGameUITests.xctest; sourceTree = BUILT_PRODUCTS_DIR; };
		3DA0E3B11C5C5D7400DA75A3 /* DemoGameUITests.swift */ = {isa = PBXFileReference; lastKnownFileType = sourcecode.swift; path = DemoGameUITests.swift; sourceTree = "<group>"; };
		3DA0E3B31C5C5D7400DA75A3 /* Info.plist */ = {isa = PBXFileReference; lastKnownFileType = text.plist.xml; path = Info.plist; sourceTree = "<group>"; };
		3DA0E3BF1C5CF3F100DA75A3 /* SpaceshipData.swift */ = {isa = PBXFileReference; fileEncoding = 4; lastKnownFileType = sourcecode.swift; path = SpaceshipData.swift; sourceTree = "<group>"; };
		3DA0E3C11C5D05FD00DA75A3 /* SpaceshipServiceManager.swift */ = {isa = PBXFileReference; fileEncoding = 4; lastKnownFileType = sourcecode.swift; path = SpaceshipServiceManager.swift; sourceTree = "<group>"; };
/* End PBXFileReference section */

/* Begin PBXFrameworksBuildPhase section */
		3DA0E3871C5C5D7300DA75A3 /* Frameworks */ = {
			isa = PBXFrameworksBuildPhase;
			buildActionMask = 2147483647;
			files = (
			);
			runOnlyForDeploymentPostprocessing = 0;
		};
		3DA0E39F1C5C5D7300DA75A3 /* Frameworks */ = {
			isa = PBXFrameworksBuildPhase;
			buildActionMask = 2147483647;
			files = (
			);
			runOnlyForDeploymentPostprocessing = 0;
		};
		3DA0E3AA1C5C5D7400DA75A3 /* Frameworks */ = {
			isa = PBXFrameworksBuildPhase;
			buildActionMask = 2147483647;
			files = (
			);
			runOnlyForDeploymentPostprocessing = 0;
		};
/* End PBXFrameworksBuildPhase section */

/* Begin PBXGroup section */
		3DA0E3811C5C5D7300DA75A3 = {
			isa = PBXGroup;
			children = (
				3DA0E38C1C5C5D7300DA75A3 /* DemoGame */,
				3DA0E3A51C5C5D7300DA75A3 /* DemoGameTests */,
				3DA0E3B01C5C5D7400DA75A3 /* DemoGameUITests */,
				3DA0E38B1C5C5D7300DA75A3 /* Products */,
			);
			sourceTree = "<group>";
		};
		3DA0E38B1C5C5D7300DA75A3 /* Products */ = {
			isa = PBXGroup;
			children = (
				3DA0E38A1C5C5D7300DA75A3 /* DemoGame.app */,
				3DA0E3A21C5C5D7300DA75A3 /* DemoGameTests.xctest */,
				3DA0E3AD1C5C5D7400DA75A3 /* DemoGameUITests.xctest */,
			);
			name = Products;
			sourceTree = "<group>";
		};
		3DA0E38C1C5C5D7300DA75A3 /* DemoGame */ = {
			isa = PBXGroup;
			children = (
				3DA0E38D1C5C5D7300DA75A3 /* AppDelegate.swift */,
				3DA0E38F1C5C5D7300DA75A3 /* GameScene.sks */,
				3DA0E3911C5C5D7300DA75A3 /* GameScene.swift */,
				3DA0E3931C5C5D7300DA75A3 /* GameViewController.swift */,
				3DA0E3951C5C5D7300DA75A3 /* Main.storyboard */,
				3DA0E3981C5C5D7300DA75A3 /* Assets.xcassets */,
				3DA0E39A1C5C5D7300DA75A3 /* LaunchScreen.storyboard */,
				3DA0E39D1C5C5D7300DA75A3 /* Info.plist */,
				3DA0E3BF1C5CF3F100DA75A3 /* SpaceshipData.swift */,
				3DA0E3C11C5D05FD00DA75A3 /* SpaceshipServiceManager.swift */,
			);
			path = DemoGame;
			sourceTree = "<group>";
		};
		3DA0E3A51C5C5D7300DA75A3 /* DemoGameTests */ = {
			isa = PBXGroup;
			children = (
				3DA0E3A61C5C5D7300DA75A3 /* DemoGameTests.swift */,
				3DA0E3A81C5C5D7300DA75A3 /* Info.plist */,
			);
			path = DemoGameTests;
			sourceTree = "<group>";
		};
		3DA0E3B01C5C5D7400DA75A3 /* DemoGameUITests */ = {
			isa = PBXGroup;
			children = (
				3DA0E3B11C5C5D7400DA75A3 /* DemoGameUITests.swift */,
				3DA0E3B31C5C5D7400DA75A3 /* Info.plist */,
			);
			path = DemoGameUITests;
			sourceTree = "<group>";
		};
/* End PBXGroup section */

/* Begin PBXNativeTarget section */
		3DA0E3891C5C5D7300DA75A3 /* DemoGame */ = {
			isa = PBXNativeTarget;
			buildConfigurationList = 3DA0E3B61C5C5D7400DA75A3 /* Build configuration list for PBXNativeTarget "DemoGame" */;
			buildPhases = (
				3DA0E3861C5C5D7300DA75A3 /* Sources */,
				3DA0E3871C5C5D7300DA75A3 /* Frameworks */,
				3DA0E3881C5C5D7300DA75A3 /* Resources */,
			);
			buildRules = (
			);
			dependencies = (
			);
			name = DemoGame;
			productName = DemoGame;
			productReference = 3DA0E38A1C5C5D7300DA75A3 /* DemoGame.app */;
			productType = "com.apple.product-type.application";
		};
		3DA0E3A11C5C5D7300DA75A3 /* DemoGameTests */ = {
			isa = PBXNativeTarget;
			buildConfigurationList = 3DA0E3B91C5C5D7400DA75A3 /* Build configuration list for PBXNativeTarget "DemoGameTests" */;
			buildPhases = (
				3DA0E39E1C5C5D7300DA75A3 /* Sources */,
				3DA0E39F1C5C5D7300DA75A3 /* Frameworks */,
				3DA0E3A01C5C5D7300DA75A3 /* Resources */,
			);
			buildRules = (
			);
			dependencies = (
				3DA0E3A41C5C5D7300DA75A3 /* PBXTargetDependency */,
			);
			name = DemoGameTests;
			productName = DemoGameTests;
			productReference = 3DA0E3A21C5C5D7300DA75A3 /* DemoGameTests.xctest */;
			productType = "com.apple.product-type.bundle.unit-test";
		};
		3DA0E3AC1C5C5D7400DA75A3 /* DemoGameUITests */ = {
			isa = PBXNativeTarget;
			buildConfigurationList = 3DA0E3BC1C5C5D7400DA75A3 /* Build configuration list for PBXNativeTarget "DemoGameUITests" */;
			buildPhases = (
				3DA0E3A91C5C5D7400DA75A3 /* Sources */,
				3DA0E3AA1C5C5D7400DA75A3 /* Frameworks */,
				3DA0E3AB1C5C5D7400DA75A3 /* Resources */,
			);
			buildRules = (
			);
			dependencies = (
				3DA0E3AF1C5C5D7400DA75A3 /* PBXTargetDependency */,
			);
			name = DemoGameUITests;
			productName = DemoGameUITests;
			productReference = 3DA0E3AD1C5C5D7400DA75A3 /* DemoGameUITests.xctest */;
			productType = "com.apple.product-type.bundle.ui-testing";
		};
/* End PBXNativeTarget section */

/* Begin PBXProject section */
		3DA0E3821C5C5D7300DA75A3 /* Project object */ = {
			isa = PBXProject;
			attributes = {
				LastSwiftUpdateCheck = 0720;
				LastUpgradeCheck = 0720;
				ORGANIZATIONNAME = "Jean Carlo Canales Martinez";
				TargetAttributes = {
					3DA0E3891C5C5D7300DA75A3 = {
						CreatedOnToolsVersion = 7.2;
						DevelopmentTeam = Y83QY9R5WG;
					};
					3DA0E3A11C5C5D7300DA75A3 = {
						CreatedOnToolsVersion = 7.2;
						TestTargetID = 3DA0E3891C5C5D7300DA75A3;
					};
					3DA0E3AC1C5C5D7400DA75A3 = {
						CreatedOnToolsVersion = 7.2;
						TestTargetID = 3DA0E3891C5C5D7300DA75A3;
					};
				};
			};
			buildConfigurationList = 3DA0E3851C5C5D7300DA75A3 /* Build configuration list for PBXProject "DemoGame" */;
			compatibilityVersion = "Xcode 3.2";
			developmentRegion = English;
			hasScannedForEncodings = 0;
			knownRegions = (
				en,
				Base,
			);
			mainGroup = 3DA0E3811C5C5D7300DA75A3;
			productRefGroup = 3DA0E38B1C5C5D7300DA75A3 /* Products */;
			projectDirPath = "";
			projectRoot = "";
			targets = (
				3DA0E3891C5C5D7300DA75A3 /* DemoGame */,
				3DA0E3A11C5C5D7300DA75A3 /* DemoGameTests */,
				3DA0E3AC1C5C5D7400DA75A3 /* DemoGameUITests */,
			);
		};
/* End PBXProject section */

/* Begin PBXResourcesBuildPhase section */
		3DA0E3881C5C5D7300DA75A3 /* Resources */ = {
			isa = PBXResourcesBuildPhase;
			buildActionMask = 2147483647;
			files = (
				3DA0E3901C5C5D7300DA75A3 /* GameScene.sks in Resources */,
				3DA0E39C1C5C5D7300DA75A3 /* LaunchScreen.storyboard in Resources */,
				3DA0E3991C5C5D7300DA75A3 /* Assets.xcassets in Resources */,
				3DA0E3971C5C5D7300DA75A3 /* Main.storyboard in Resources */,
			);
			runOnlyForDeploymentPostprocessing = 0;
		};
		3DA0E3A01C5C5D7300DA75A3 /* Resources */ = {
			isa = PBXResourcesBuildPhase;
			buildActionMask = 2147483647;
			files = (
			);
			runOnlyForDeploymentPostprocessing = 0;
		};
		3DA0E3AB1C5C5D7400DA75A3 /* Resources */ = {
			isa = PBXResourcesBuildPhase;
			buildActionMask = 2147483647;
			files = (
			);
			runOnlyForDeploymentPostprocessing = 0;
		};
/* End PBXResourcesBuildPhase section */

/* Begin PBXSourcesBuildPhase section */
		3DA0E3861C5C5D7300DA75A3 /* Sources */ = {
			isa = PBXSourcesBuildPhase;
			buildActionMask = 2147483647;
			files = (
				3DA0E3C01C5CF3F100DA75A3 /* SpaceshipData.swift in Sources */,
				3DA0E3921C5C5D7300DA75A3 /* GameScene.swift in Sources */,
				3DA0E3941C5C5D7300DA75A3 /* GameViewController.swift in Sources */,
				3DA0E3C21C5D05FD00DA75A3 /* SpaceshipServiceManager.swift in Sources */,
				3DA0E38E1C5C5D7300DA75A3 /* AppDelegate.swift in Sources */,
			);
			runOnlyForDeploymentPostprocessing = 0;
		};
		3DA0E39E1C5C5D7300DA75A3 /* Sources */ = {
			isa = PBXSourcesBuildPhase;
			buildActionMask = 2147483647;
			files = (
				3DA0E3A71C5C5D7300DA75A3 /* DemoGameTests.swift in Sources */,
			);
			runOnlyForDeploymentPostprocessing = 0;
		};
		3DA0E3A91C5C5D7400DA75A3 /* Sources */ = {
			isa = PBXSourcesBuildPhase;
			buildActionMask = 2147483647;
			files = (
				3DA0E3B21C5C5D7400DA75A3 /* DemoGameUITests.swift in Sources */,
			);
			runOnlyForDeploymentPostprocessing = 0;
		};
/* End PBXSourcesBuildPhase section */

/* Begin PBXTargetDependency section */
		3DA0E3A41C5C5D7300DA75A3 /* PBXTargetDependency */ = {
			isa = PBXTargetDependency;
			target = 3DA0E3891C5C5D7300DA75A3 /* DemoGame */;
			targetProxy = 3DA0E3A31C5C5D7300DA75A3 /* PBXContainerItemProxy */;
		};
		3DA0E3AF1C5C5D7400DA75A3 /* PBXTargetDependency */ = {
			isa = PBXTargetDependency;
			target = 3DA0E3891C5C5D7300DA75A3 /* DemoGame */;
			targetProxy = 3DA0E3AE1C5C5D7400DA75A3 /* PBXContainerItemProxy */;
		};
/* End PBXTargetDependency section */

/* Begin PBXVariantGroup section */
		3DA0E3951C5C5D7300DA75A3 /* Main.storyboard */ = {
			isa = PBXVariantGroup;
			children = (
				3DA0E3961C5C5D7300DA75A3 /* Base */,
			);
			name = Main.storyboard;
			sourceTree = "<group>";
		};
		3DA0E39A1C5C5D7300DA75A3 /* LaunchScreen.storyboard */ = {
			isa = PBXVariantGroup;
			children = (
				3DA0E39B1C5C5D7300DA75A3 /* Base */,
			);
			name = LaunchScreen.storyboard;
			sourceTree = "<group>";
		};
/* End PBXVariantGroup section */

/* Begin XCBuildConfiguration section */
		3DA0E3B41C5C5D7400DA75A3 /* Debug */ = {
			isa = XCBuildConfiguration;
			buildSettings = {
				ALWAYS_SEARCH_USER_PATHS = NO;
				CLANG_CXX_LANGUAGE_STANDARD = "gnu++0x";
				CLANG_CXX_LIBRARY = "libc++";
				CLANG_ENABLE_MODULES = YES;
				CLANG_ENABLE_OBJC_ARC = YES;
				CLANG_WARN_BOOL_CONVERSION = YES;
				CLANG_WARN_CONSTANT_CONVERSION = YES;
				CLANG_WARN_DIRECT_OBJC_ISA_USAGE = YES_ERROR;
				CLANG_WARN_EMPTY_BODY = YES;
				CLANG_WARN_ENUM_CONVERSION = YES;
				CLANG_WARN_INT_CONVERSION = YES;
				CLANG_WARN_OBJC_ROOT_CLASS = YES_ERROR;
				CLANG_WARN_UNREACHABLE_CODE = YES;
				CLANG_WARN__DUPLICATE_METHOD_MATCH = YES;
				"CODE_SIGN_IDENTITY[sdk=iphoneos*]" = "iPhone Developer";
				COPY_PHASE_STRIP = NO;
				DEBUG_INFORMATION_FORMAT = "dwarf-with-dsym";
				ENABLE_STRICT_OBJC_MSGSEND = YES;
				ENABLE_TESTABILITY = YES;
				GCC_C_LANGUAGE_STANDARD = gnu99;
				GCC_DYNAMIC_NO_PIC = NO;
				GCC_NO_COMMON_BLOCKS = YES;
				GCC_OPTIMIZATION_LEVEL = 0;
				GCC_PREPROCESSOR_DEFINITIONS = (
					"DEBUG=1",
					"$(inherited)",
				);
				GCC_WARN_64_TO_32_BIT_CONVERSION = YES;
				GCC_WARN_ABOUT_RETURN_TYPE = YES_ERROR;
				GCC_WARN_UNDECLARED_SELECTOR = YES;
				GCC_WARN_UNINITIALIZED_AUTOS = YES_AGGRESSIVE;
				GCC_WARN_UNUSED_FUNCTION = YES;
				GCC_WARN_UNUSED_VARIABLE = YES;
				IPHONEOS_DEPLOYMENT_TARGET = 9.2;
				MTL_ENABLE_DEBUG_INFO = YES;
				ONLY_ACTIVE_ARCH = YES;
				SDKROOT = iphoneos;
				SWIFT_OPTIMIZATION_LEVEL = "-Onone";
				TARGETED_DEVICE_FAMILY = "1,2";
			};
			name = Debug;
		};
		3DA0E3B51C5C5D7400DA75A3 /* Release */ = {
			isa = XCBuildConfiguration;
			buildSettings = {
				ALWAYS_SEARCH_USER_PATHS = NO;
				CLANG_CXX_LANGUAGE_STANDARD = "gnu++0x";
				CLANG_CXX_LIBRARY = "libc++";
				CLANG_ENABLE_MODULES = YES;
				CLANG_ENABLE_OBJC_ARC = YES;
				CLANG_WARN_BOOL_CONVERSION = YES;
				CLANG_WARN_CONSTANT_CONVERSION = YES;
				CLANG_WARN_DIRECT_OBJC_ISA_USAGE = YES_ERROR;
				CLANG_WARN_EMPTY_BODY = YES;
				CLANG_WARN_ENUM_CONVERSION = YES;
				CLANG_WARN_INT_CONVERSION = YES;
				CLANG_WARN_OBJC_ROOT_CLASS = YES_ERROR;
				CLANG_WARN_UNREACHABLE_CODE = YES;
				CLANG_WARN__DUPLICATE_METHOD_MATCH = YES;
				"CODE_SIGN_IDENTITY[sdk=iphoneos*]" = "iPhone Developer";
				COPY_PHASE_STRIP = NO;
				DEBUG_INFORMATION_FORMAT = "dwarf-with-dsym";
				ENABLE_NS_ASSERTIONS = NO;
				ENABLE_STRICT_OBJC_MSGSEND = YES;
				GCC_C_LANGUAGE_STANDARD = gnu99;
				GCC_NO_COMMON_BLOCKS = YES;
				GCC_WARN_64_TO_32_BIT_CONVERSION = YES;
				GCC_WARN_ABOUT_RETURN_TYPE = YES_ERROR;
				GCC_WARN_UNDECLARED_SELECTOR = YES;
				GCC_WARN_UNINITIALIZED_AUTOS = YES_AGGRESSIVE;
				GCC_WARN_UNUSED_FUNCTION = YES;
				GCC_WARN_UNUSED_VARIABLE = YES;
				IPHONEOS_DEPLOYMENT_TARGET = 9.2;
				MTL_ENABLE_DEBUG_INFO = NO;
				SDKROOT = iphoneos;
				TARGETED_DEVICE_FAMILY = "1,2";
				VALIDATE_PRODUCT = YES;
			};
			name = Release;
		};
		3DA0E3B71C5C5D7400DA75A3 /* Debug */ = {
			isa = XCBuildConfiguration;
			buildSettings = {
				ASSETCATALOG_COMPILER_APPICON_NAME = AppIcon;
				CODE_SIGN_IDENTITY = "iPhone Developer";
				INFOPLIST_FILE = DemoGame/Info.plist;
				IPHONEOS_DEPLOYMENT_TARGET = 8.1;
				LD_RUNPATH_SEARCH_PATHS = "$(inherited) @executable_path/Frameworks";
				PRODUCT_BUNDLE_IDENTIFIER = pe.edu.upc.DemoGame;
				PRODUCT_NAME = "$(TARGET_NAME)";
			};
			name = Debug;
		};
		3DA0E3B81C5C5D7400DA75A3 /* Release */ = {
			isa = XCBuildConfiguration;
			buildSettings = {
				ASSETCATALOG_COMPILER_APPICON_NAME = AppIcon;
				CODE_SIGN_IDENTITY = "iPhone Developer";
				INFOPLIST_FILE = DemoGame/Info.plist;
				IPHONEOS_DEPLOYMENT_TARGET = 8.1;
				LD_RUNPATH_SEARCH_PATHS = "$(inherited) @executable_path/Frameworks";
				PRODUCT_BUNDLE_IDENTIFIER = pe.edu.upc.DemoGame;
				PRODUCT_NAME = "$(TARGET_NAME)";
			};
			name = Release;
		};
		3DA0E3BA1C5C5D7400DA75A3 /* Debug */ = {
			isa = XCBuildConfiguration;
			buildSettings = {
				BUNDLE_LOADER = "$(TEST_HOST)";
				DEBUG_INFORMATION_FORMAT = dwarf;
				INFOPLIST_FILE = DemoGameTests/Info.plist;
				LD_RUNPATH_SEARCH_PATHS = "$(inherited) @executable_path/Frameworks @loader_path/Frameworks";
				PRODUCT_BUNDLE_IDENTIFIER = pe.edu.upc.DemoGameTests;
				PRODUCT_NAME = "$(TARGET_NAME)";
				TEST_HOST = "$(BUILT_PRODUCTS_DIR)/DemoGame.app/DemoGame";
			};
			name = Debug;
		};
		3DA0E3BB1C5C5D7400DA75A3 /* Release */ = {
			isa = XCBuildConfiguration;
			buildSettings = {
				BUNDLE_LOADER = "$(TEST_HOST)";
				INFOPLIST_FILE = DemoGameTests/Info.plist;
				LD_RUNPATH_SEARCH_PATHS = "$(inherited) @executable_path/Frameworks @loader_path/Frameworks";
				PRODUCT_BUNDLE_IDENTIFIER = pe.edu.upc.DemoGameTests;
				PRODUCT_NAME = "$(TARGET_NAME)";
				TEST_HOST = "$(BUILT_PRODUCTS_DIR)/DemoGame.app/DemoGame";
			};
			name = Release;
		};
		3DA0E3BD1C5C5D7400DA75A3 /* Debug */ = {
			isa = XCBuildConfiguration;
			buildSettings = {
				DEBUG_INFORMATION_FORMAT = dwarf;
				INFOPLIST_FILE = DemoGameUITests/Info.plist;
				LD_RUNPATH_SEARCH_PATHS = "$(inherited) @executable_path/Frameworks @loader_path/Frameworks";
				PRODUCT_BUNDLE_IDENTIFIER = pe.edu.upc.DemoGameUITests;
				PRODUCT_NAME = "$(TARGET_NAME)";
				TEST_TARGET_NAME = DemoGame;
				USES_XCTRUNNER = YES;
			};
			name = Debug;
		};
		3DA0E3BE1C5C5D7400DA75A3 /* Release */ = {
			isa = XCBuildConfiguration;
			buildSettings = {
				INFOPLIST_FILE = DemoGameUITests/Info.plist;
				LD_RUNPATH_SEARCH_PATHS = "$(inherited) @executable_path/Frameworks @loader_path/Frameworks";
				PRODUCT_BUNDLE_IDENTIFIER = pe.edu.upc.DemoGameUITests;
				PRODUCT_NAME = "$(TARGET_NAME)";
				TEST_TARGET_NAME = DemoGame;
				USES_XCTRUNNER = YES;
			};
			name = Release;
		};
/* End XCBuildConfiguration section */

/* Begin XCConfigurationList section */
		3DA0E3851C5C5D7300DA75A3 /* Build configuration list for PBXProject "DemoGame" */ = {
			isa = XCConfigurationList;
			buildConfigurations = (
				3DA0E3B41C5C5D7400DA75A3 /* Debug */,
				3DA0E3B51C5C5D7400DA75A3 /* Release */,
			);
			defaultConfigurationIsVisible = 0;
			defaultConfigurationName = Release;
		};
		3DA0E3B61C5C5D7400DA75A3 /* Build configuration list for PBXNativeTarget "DemoGame" */ = {
			isa = XCConfigurationList;
			buildConfigurations = (
				3DA0E3B71C5C5D7400DA75A3 /* Debug */,
				3DA0E3B81C5C5D7400DA75A3 /* Release */,
			);
			defaultConfigurationIsVisible = 0;
			defaultConfigurationName = Release;
		};
		3DA0E3B91C5C5D7400DA75A3 /* Build configuration list for PBXNativeTarget "DemoGameTests" */ = {
			isa = XCConfigurationList;
			buildConfigurations = (
				3DA0E3BA1C5C5D7400DA75A3 /* Debug */,
				3DA0E3BB1C5C5D7400DA75A3 /* Release */,
			);
			defaultConfigurationIsVisible = 0;
			defaultConfigurationName = Release;
		};
		3DA0E3BC1C5C5D7400DA75A3 /* Build configuration list for PBXNativeTarget "DemoGameUITests" */ = {
			isa = XCConfigurationList;
			buildConfigurations = (
				3DA0E3BD1C5C5D7400DA75A3 /* Debug */,
				3DA0E3BE1C5C5D7400DA75A3 /* Release */,
			);
			defaultConfigurationIsVisible = 0;
			defaultConfigurationName = Release;
		};
/* End XCConfigurationList section */
	};
	rootObject = 3DA0E3821C5C5D7300DA75A3 /* Project object */;
}
